<?xml version="1.0" encoding="utf-8"?>
<Project ToolsVersion="4.0" xmlns="http://schemas.microsoft.com/developer/msbuild/2003">
  <ItemGroup>
    <Filter Include="Resource Files">
      <UniqueIdentifier>{67DA6AC6-F800-4c08-8B7A-83B4221AAD01}</UniqueIdentifier>
      <Extensions>h;hpp</Extensions>
    </Filter>
    <Filter Include="Header files">
      <UniqueIdentifier>{fbb8a9d6-0eb7-4320-8802-aeac48de4a40}</UniqueIdentifier>
    </Filter>
  </ItemGroup>
</Project>